
Microsoft Visual Studio Solution File, Format Version 12.00
# Visual Studio Version 16
VisualStudioVersion = 16.0.31005.135
MinimumVisualStudioVersion = 10.0.40219.1
Project("{FAE04EC0-301F-11D3-BF4B-00C04F79EFBC}") = "Notes.WebApi", "Notes.WebApi\Notes.WebApi.csproj", "{4AC828FD-E3A2-44F6-840A-7E062C600E7B}"
EndProject
Project("{FAE04EC0-301F-11D3-BF4B-00C04F79EFBC}") = "Notes.DB", "Notes.DB\Notes.DB.csproj", "{B4689A47-A1FA-4CFC-A5A4-0BE97F1F7F08}"
EndProject
Project("{FAE04EC0-301F-11D3-BF4B-00C04F79EFBC}") = "Notes.Core", "Notes.Core\Notes.Core.csproj", "{76B6EB58-280A-4CFF-A993-B429D54EA5B8}"
EndProject
Global
	GlobalSection(SolutionConfigurationPlatforms) = preSolution
		Debug|Any CPU = Debug|Any CPU
		Release|Any CPU = Release|Any CPU
	EndGlobalSection
	GlobalSection(ProjectConfigurationPlatforms) = postSolution
		{4AC828FD-E3A2-44F6-840A-7E062C600E7B}.Debug|Any CPU.ActiveCfg = Debug|Any CPU
		{4AC828FD-E3A2-44F6-840A-7E062C600E7B}.Debug|Any CPU.Build.0 = Debug|Any CPU
		{4AC828FD-E3A2-44F6-840A-7E062C600E7B}.Release|Any CPU.ActiveCfg = Release|Any CPU
		{4AC828FD-E3A2-44F6-840A-7E062C600E7B}.Release|Any CPU.Build.0 = Release|Any CPU
		{B4689A47-A1FA-4CFC-A5A4-0BE97F1F7F08}.Debug|Any CPU.ActiveCfg = Debug|Any CPU
		{B4689A47-A1FA-4CFC-A5A4-0BE97F1F7F08}.Debug|Any CPU.Build.0 = Debug|Any CPU
		{B4689A47-A1FA-4CFC-A5A4-0BE97F1F7F08}.Release|Any CPU.ActiveCfg = Release|Any CPU
		{B4689A47-A1FA-4CFC-A5A4-0BE97F1F7F08}.Release|Any CPU.Build.0 = Release|Any CPU
		{76B6EB58-280A-4CFF-A993-B429D54EA5B8}.Debug|Any CPU.ActiveCfg = Debug|Any CPU
		{76B6EB58-280A-4CFF-A993-B429D54EA5B8}.Debug|Any CPU.Build.0 = Debug|Any CPU
		{76B6EB58-280A-4CFF-A993-B429D54EA5B8}.Release|Any CPU.ActiveCfg = Release|Any CPU
		{76B6EB58-280A-4CFF-A993-B429D54EA5B8}.Release|Any CPU.Build.0 = Release|Any CPU
	EndGlobalSection
	GlobalSection(SolutionProperties) = preSolution
		HideSolutionNode = FALSE
	EndGlobalSection
	GlobalSection(ExtensibilityGlobals) = postSolution
		SolutionGuid = {8DF8D6CD-2829-4887-A06D-702AC509066A}
	EndGlobalSection
EndGlobal
